
Microsoft Visual Studio Solution File, Format Version 12.00
# Visual Studio Version 16
VisualStudioVersion = 16.0.31112.23
MinimumVisualStudioVersion = 10.0.40219.1
Project("{FAE04EC0-301F-11D3-BF4B-00C04F79EFBC}") = "Game2", "Game2.csproj", "{0B40FB04-7FD2-42CC-845D-36E42A141EED}"
EndProject
Global
	GlobalSection(SolutionConfigurationPlatforms) = preSolution
		Debug|Any CPU = Debug|Any CPU
		Release|Any CPU = Release|Any CPU
	EndGlobalSection
	GlobalSection(ProjectConfigurationPlatforms) = postSolution
		{0B40FB04-7FD2-42CC-845D-36E42A141EED}.Debug|Any CPU.ActiveCfg = Debug|Any CPU
		{0B40FB04-7FD2-42CC-845D-36E42A141EED}.Debug|Any CPU.Build.0 = Debug|Any CPU
		{0B40FB04-7FD2-42CC-845D-36E42A141EED}.Release|Any CPU.ActiveCfg = Release|Any CPU
		{0B40FB04-7FD2-42CC-845D-36E42A141EED}.Release|Any CPU.Build.0 = Release|Any CPU
	EndGlobalSection
	GlobalSection(SolutionProperties) = preSolution
		HideSolutionNode = FALSE
	EndGlobalSection
	GlobalSection(ExtensibilityGlobals) = postSolution
		SolutionGuid = {009C4EBD-3CA3-42B3-8FF9-5EDB5E7843DC}
	EndGlobalSection
EndGlobal
